
Microsoft Visual Studio Solution File, Format Version 11.00
# Visual Studio 2010
Project("{FAE04EC0-301F-11D3-BF4B-00C04F79EFBC}") = "CSE310_A3_FINAL", "Assembly-CSharp.csproj", "{A26D4A17-F79B-0032-D28E-15B6415593D4}"
EndProject
Global
	GlobalSection(SolutionConfigurationPlatforms) = preSolution
		Debug|Any CPU = Debug|Any CPU
		Release|Any CPU = Release|Any CPU
	EndGlobalSection
	GlobalSection(ProjectConfigurationPlatforms) = postSolution
		{A26D4A17-F79B-0032-D28E-15B6415593D4}.Debug|Any CPU.ActiveCfg = Debug|Any CPU
		{A26D4A17-F79B-0032-D28E-15B6415593D4}.Debug|Any CPU.Build.0 = Debug|Any CPU
		{A26D4A17-F79B-0032-D28E-15B6415593D4}.Release|Any CPU.ActiveCfg = Release|Any CPU
		{A26D4A17-F79B-0032-D28E-15B6415593D4}.Release|Any CPU.Build.0 = Release|Any CPU
	EndGlobalSection
	GlobalSection(SolutionProperties) = preSolution
		HideSolutionNode = FALSE
	EndGlobalSection
	GlobalSection(MonoDevelopProperties) = preSolution
		StartupItem = Assembly-CSharp.csproj
	EndGlobalSection
EndGlobal
